
Microsoft Visual Studio Solution File, Format Version 12.00
# Visual Studio Version 17
VisualStudioVersion = 17.6.33829.357
MinimumVisualStudioVersion = 10.0.40219.1
Project("{FAE04EC0-301F-11D3-BF4B-00C04F79EFBC}") = "Invelop.Api", "Invelop.Api\Invelop.Api.csproj", "{B209BE25-4613-4D8D-8B73-14C861ECFBC4}"
EndProject
Project("{FAE04EC0-301F-11D3-BF4B-00C04F79EFBC}") = "Invelop.Data", "Invelop.Data\Invelop.Data.csproj", "{4FC93782-59F6-4B96-AA40-DCBE9DC3B942}"
EndProject
Project("{FAE04EC0-301F-11D3-BF4B-00C04F79EFBC}") = "Invelop.Domain", "Invelop.Domain\Invelop.Domain.csproj", "{AAC200E3-77A9-4027-B22F-E44B9B97FDE2}"
EndProject
Global
	GlobalSection(SolutionConfigurationPlatforms) = preSolution
		Debug|Any CPU = Debug|Any CPU
		Release|Any CPU = Release|Any CPU
	EndGlobalSection
	GlobalSection(ProjectConfigurationPlatforms) = postSolution
		{B209BE25-4613-4D8D-8B73-14C861ECFBC4}.Debug|Any CPU.ActiveCfg = Debug|Any CPU
		{B209BE25-4613-4D8D-8B73-14C861ECFBC4}.Debug|Any CPU.Build.0 = Debug|Any CPU
		{B209BE25-4613-4D8D-8B73-14C861ECFBC4}.Release|Any CPU.ActiveCfg = Release|Any CPU
		{B209BE25-4613-4D8D-8B73-14C861ECFBC4}.Release|Any CPU.Build.0 = Release|Any CPU
		{4FC93782-59F6-4B96-AA40-DCBE9DC3B942}.Debug|Any CPU.ActiveCfg = Debug|Any CPU
		{4FC93782-59F6-4B96-AA40-DCBE9DC3B942}.Debug|Any CPU.Build.0 = Debug|Any CPU
		{4FC93782-59F6-4B96-AA40-DCBE9DC3B942}.Release|Any CPU.ActiveCfg = Release|Any CPU
		{4FC93782-59F6-4B96-AA40-DCBE9DC3B942}.Release|Any CPU.Build.0 = Release|Any CPU
		{AAC200E3-77A9-4027-B22F-E44B9B97FDE2}.Debug|Any CPU.ActiveCfg = Debug|Any CPU
		{AAC200E3-77A9-4027-B22F-E44B9B97FDE2}.Debug|Any CPU.Build.0 = Debug|Any CPU
		{AAC200E3-77A9-4027-B22F-E44B9B97FDE2}.Release|Any CPU.ActiveCfg = Release|Any CPU
		{AAC200E3-77A9-4027-B22F-E44B9B97FDE2}.Release|Any CPU.Build.0 = Release|Any CPU
	EndGlobalSection
	GlobalSection(SolutionProperties) = preSolution
		HideSolutionNode = FALSE
	EndGlobalSection
	GlobalSection(ExtensibilityGlobals) = postSolution
		SolutionGuid = {04882FB6-747D-4547-8001-5DD2D31A63AE}
	EndGlobalSection
EndGlobal
